
Microsoft Visual Studio Solution File, Format Version 12.00
# Visual Studio Version 17
VisualStudioVersion = 17.1.32319.34
MinimumVisualStudioVersion = 10.0.40219.1
Project("{9A19103F-16F7-4668-BE54-9A1E7A4F7556}") = "hw1", "hw1\hw1.csproj", "{E96FAD43-51A3-48E1-85F2-FE0323E952FA}"
EndProject
Project("{9A19103F-16F7-4668-BE54-9A1E7A4F7556}") = "hw2task1", "hw2\hw2task1\hw2task1.csproj", "{EDFCCEE1-6232-4140-93EF-AC15E42FCD98}"
EndProject
Project("{9A19103F-16F7-4668-BE54-9A1E7A4F7556}") = "hw2task2", "hw2\hw2task2\hw2task2.csproj", "{7D0EB3C1-A3FC-40D9-A735-26D4D0772728}"
EndProject
Project("{9A19103F-16F7-4668-BE54-9A1E7A4F7556}") = "hw3", "hw3\hw3.csproj", "{EFBB9A85-F8E5-4E81-BC30-FB29D7D69835}"
EndProject
Project("{FAE04EC0-301F-11D3-BF4B-00C04F79EFBC}") = "hw4", "hw4\hw4.csproj", "{A6BF9603-8791-417F-8EC8-20E171D8FB23}"
EndProject
Project("{FAE04EC0-301F-11D3-BF4B-00C04F79EFBC}") = "hw5", "hw5\hw5.csproj", "{52844057-7ED7-456C-ABB4-10B847D84163}"
EndProject
Project("{FAE04EC0-301F-11D3-BF4B-00C04F79EFBC}") = "hw6task1", "hw6task1\hw6task1.csproj", "{9F50C060-9102-42EA-ACC8-78E3F8C5B001}"
EndProject
Global
	GlobalSection(SolutionConfigurationPlatforms) = preSolution
		Debug|Any CPU = Debug|Any CPU
		Release|Any CPU = Release|Any CPU
	EndGlobalSection
	GlobalSection(ProjectConfigurationPlatforms) = postSolution
		{E96FAD43-51A3-48E1-85F2-FE0323E952FA}.Debug|Any CPU.ActiveCfg = Debug|Any CPU
		{E96FAD43-51A3-48E1-85F2-FE0323E952FA}.Debug|Any CPU.Build.0 = Debug|Any CPU
		{E96FAD43-51A3-48E1-85F2-FE0323E952FA}.Release|Any CPU.ActiveCfg = Release|Any CPU
		{E96FAD43-51A3-48E1-85F2-FE0323E952FA}.Release|Any CPU.Build.0 = Release|Any CPU
		{EDFCCEE1-6232-4140-93EF-AC15E42FCD98}.Debug|Any CPU.ActiveCfg = Debug|Any CPU
		{EDFCCEE1-6232-4140-93EF-AC15E42FCD98}.Debug|Any CPU.Build.0 = Debug|Any CPU
		{EDFCCEE1-6232-4140-93EF-AC15E42FCD98}.Release|Any CPU.ActiveCfg = Release|Any CPU
		{EDFCCEE1-6232-4140-93EF-AC15E42FCD98}.Release|Any CPU.Build.0 = Release|Any CPU
		{7D0EB3C1-A3FC-40D9-A735-26D4D0772728}.Debug|Any CPU.ActiveCfg = Debug|Any CPU
		{7D0EB3C1-A3FC-40D9-A735-26D4D0772728}.Debug|Any CPU.Build.0 = Debug|Any CPU
		{7D0EB3C1-A3FC-40D9-A735-26D4D0772728}.Release|Any CPU.ActiveCfg = Release|Any CPU
		{7D0EB3C1-A3FC-40D9-A735-26D4D0772728}.Release|Any CPU.Build.0 = Release|Any CPU
		{EFBB9A85-F8E5-4E81-BC30-FB29D7D69835}.Debug|Any CPU.ActiveCfg = Debug|Any CPU
		{EFBB9A85-F8E5-4E81-BC30-FB29D7D69835}.Debug|Any CPU.Build.0 = Debug|Any CPU
		{EFBB9A85-F8E5-4E81-BC30-FB29D7D69835}.Release|Any CPU.ActiveCfg = Release|Any CPU
		{EFBB9A85-F8E5-4E81-BC30-FB29D7D69835}.Release|Any CPU.Build.0 = Release|Any CPU
		{A6BF9603-8791-417F-8EC8-20E171D8FB23}.Debug|Any CPU.ActiveCfg = Debug|Any CPU
		{A6BF9603-8791-417F-8EC8-20E171D8FB23}.Debug|Any CPU.Build.0 = Debug|Any CPU
		{A6BF9603-8791-417F-8EC8-20E171D8FB23}.Release|Any CPU.ActiveCfg = Release|Any CPU
		{A6BF9603-8791-417F-8EC8-20E171D8FB23}.Release|Any CPU.Build.0 = Release|Any CPU
		{52844057-7ED7-456C-ABB4-10B847D84163}.Debug|Any CPU.ActiveCfg = Debug|Any CPU
		{52844057-7ED7-456C-ABB4-10B847D84163}.Debug|Any CPU.Build.0 = Debug|Any CPU
		{52844057-7ED7-456C-ABB4-10B847D84163}.Release|Any CPU.ActiveCfg = Release|Any CPU
		{52844057-7ED7-456C-ABB4-10B847D84163}.Release|Any CPU.Build.0 = Release|Any CPU
		{9F50C060-9102-42EA-ACC8-78E3F8C5B001}.Debug|Any CPU.ActiveCfg = Debug|Any CPU
		{9F50C060-9102-42EA-ACC8-78E3F8C5B001}.Debug|Any CPU.Build.0 = Debug|Any CPU
		{9F50C060-9102-42EA-ACC8-78E3F8C5B001}.Release|Any CPU.ActiveCfg = Release|Any CPU
		{9F50C060-9102-42EA-ACC8-78E3F8C5B001}.Release|Any CPU.Build.0 = Release|Any CPU
	EndGlobalSection
	GlobalSection(SolutionProperties) = preSolution
		HideSolutionNode = FALSE
	EndGlobalSection
	GlobalSection(ExtensibilityGlobals) = postSolution
		SolutionGuid = {6146D402-A6CF-48AA-B9F6-10F15E1C1FF7}
	EndGlobalSection
EndGlobal
